
Microsoft Visual Studio Solution File, Format Version 12.00
# Visual Studio 15
VisualStudioVersion = 15.0.28307.779
MinimumVisualStudioVersion = 10.0.40219.1
Project("{FAE04EC0-301F-11D3-BF4B-00C04F79EFBC}") = "Mice", "Mice\Mice.csproj", "{C7C3C991-CE69-48A1-8CB6-FA2645A5608F}"
EndProject
Global
	GlobalSection(SolutionConfigurationPlatforms) = preSolution
		Debug|Any CPU = Debug|Any CPU
		Release|Any CPU = Release|Any CPU
	EndGlobalSection
	GlobalSection(ProjectConfigurationPlatforms) = postSolution
		{C7C3C991-CE69-48A1-8CB6-FA2645A5608F}.Debug|Any CPU.ActiveCfg = Debug|Any CPU
		{C7C3C991-CE69-48A1-8CB6-FA2645A5608F}.Debug|Any CPU.Build.0 = Debug|Any CPU
		{C7C3C991-CE69-48A1-8CB6-FA2645A5608F}.Release|Any CPU.ActiveCfg = Release|Any CPU
		{C7C3C991-CE69-48A1-8CB6-FA2645A5608F}.Release|Any CPU.Build.0 = Release|Any CPU
	EndGlobalSection
	GlobalSection(SolutionProperties) = preSolution
		HideSolutionNode = FALSE
	EndGlobalSection
	GlobalSection(ExtensibilityGlobals) = postSolution
		SolutionGuid = {CB82918F-C937-4993-8CFE-BE4CE60B2A01}
	EndGlobalSection
EndGlobal
